Microsoft Visual Studio Solution File, Format Version 12.00
# Visual Studio 2012
Project("{FAE04EC0-301F-11D3-BF4B-00C04F79EFBC}") = "Dynacore", "Dynacore.csproj", "{04309B7D-FAD9-4C49-AB7F-0A736A777EBA}"
EndProject
Global
	GlobalSection(SolutionConfigurationPlatforms) = preSolution
	Debug|Any CPU = Debug|Any CPU
	ExportDebug|Any CPU = ExportDebug|Any CPU
	ExportRelease|Any CPU = ExportRelease|Any CPU
	EndGlobalSection
	GlobalSection(ProjectConfigurationPlatforms) = postSolution
		{04309B7D-FAD9-4C49-AB7F-0A736A777EBA}.Debug|Any CPU.ActiveCfg = Debug|Any CPU
		{04309B7D-FAD9-4C49-AB7F-0A736A777EBA}.Debug|Any CPU.Build.0 = Debug|Any CPU
		{04309B7D-FAD9-4C49-AB7F-0A736A777EBA}.ExportDebug|Any CPU.ActiveCfg = ExportDebug|Any CPU
		{04309B7D-FAD9-4C49-AB7F-0A736A777EBA}.ExportDebug|Any CPU.Build.0 = ExportDebug|Any CPU
		{04309B7D-FAD9-4C49-AB7F-0A736A777EBA}.ExportRelease|Any CPU.ActiveCfg = ExportRelease|Any CPU
		{04309B7D-FAD9-4C49-AB7F-0A736A777EBA}.ExportRelease|Any CPU.Build.0 = ExportRelease|Any CPU
	EndGlobalSection
EndGlobal
